
Microsoft Visual Studio Solution File, Format Version 12.00
# Visual Studio Version 17
VisualStudioVersion = 17.3.32611.2
MinimumVisualStudioVersion = 10.0.40219.1
Project("{FAE04EC0-301F-11D3-BF4B-00C04F79EFBC}") = "VDSSimulator", "VDSLauncher\VDSLauncher\VDSSimulator.csproj", "{380D8E4E-AED4-4A35-9CFC-42F2A66CC99C}"
EndProject
Project("{FAE04EC0-301F-11D3-BF4B-00C04F79EFBC}") = "VDSCommon", "VDSCommon\VDSCommon.csproj", "{E418E921-6A72-4651-BF99-A77D7AB683DE}"
EndProject
Project("{FAE04EC0-301F-11D3-BF4B-00C04F79EFBC}") = "RadarManageCtrl", "RadarManager\RadarManageCtrl.csproj", "{2450D928-CB5B-4189-8D7F-86F7343AAB02}"
EndProject
Project("{FAE04EC0-301F-11D3-BF4B-00C04F79EFBC}") = "BenchMarkManageCtrl", "BenchMarkManageCtrl\BenchMarkManageCtrl.csproj", "{2403CE39-BBCC-4ED6-B184-1C19D4EB2D8F}"
EndProject
Project("{FAE04EC0-301F-11D3-BF4B-00C04F79EFBC}") = "VDSDBHandler", "VDSDBHandler\VDSDBHandler.csproj", "{9DE65190-BF5E-4903-897A-2FEA49133B5F}"
EndProject
Project("{FAE04EC0-301F-11D3-BF4B-00C04F79EFBC}") = "VDSController", "VDSController\VDSController.csproj", "{BF0BA60F-A80E-48DB-A413-8CE67E5BE751}"
EndProject
Project("{FAE04EC0-301F-11D3-BF4B-00C04F79EFBC}") = "CCTVManageCtrl", "CCTVManageCtrl\CCTVManageCtrl.csproj", "{2AF6BF3C-61AB-41A0-B494-3BDD5F09CE54}"
EndProject
Project("{FAE04EC0-301F-11D3-BF4B-00C04F79EFBC}") = "RTSPPlayer", "RTSPPlayer\RTSPPlayer.csproj", "{014E76BA-1EFF-45C4-A621-FB0A7A90F0A7}"
EndProject
Project("{FAE04EC0-301F-11D3-BF4B-00C04F79EFBC}") = "RTSPPlayerCtrl", "RTSPPlayerCtrl\RTSPPlayerCtrl.csproj", "{119E5B60-33F0-4C6E-AC0B-D707E4EC5F4E}"
EndProject
Project("{FAE04EC0-301F-11D3-BF4B-00C04F79EFBC}") = "VDSManagerCtrl", "VDSManagerCtrl\VDSManagerCtrl.csproj", "{E9C73C44-42F3-49B2-ADF5-9A10A45A3719}"
EndProject
Project("{FAE04EC0-301F-11D3-BF4B-00C04F79EFBC}") = "KorExManageCtrl", "KorExManageCtrl\KorExManageCtrl.csproj", "{7055F439-D53D-4C76-BF69-1BBCFC3C8AE6}"
EndProject
Project("{FAE04EC0-301F-11D3-BF4B-00C04F79EFBC}") = "KorExSimulator", "KorExSimulator\KorExSimulator.csproj", "{B23EB9E1-DDB3-4835-9CE7-931583109648}"
EndProject
Project("{FAE04EC0-301F-11D3-BF4B-00C04F79EFBC}") = "SevenSegment", "SevenSegment\SevenSegment.csproj", "{00DB5A9C-12D3-43B0-9E4A-D9ECA873F5C9}"
EndProject
Project("{FAE04EC0-301F-11D3-BF4B-00C04F79EFBC}") = "YSESimulator", "YSESimulator\YSESimulator.csproj", "{142D7703-77F1-439B-8011-97EFCD7DC294}"
EndProject
Project("{8BC9CEB8-8B4A-11D0-8D11-00A0C91BC942}") = "yse_vds", "LoopVDS\yse_vds\vs_project\yse_vds\yse_vds.vcxproj", "{58D26AA5-40D3-4CD3-B84E-75C8EC22EE80}"
EndProject
Project("{8BC9CEB8-8B4A-11D0-8D11-00A0C91BC942}") = "gc_vds", "LoopVDS\gc_vds\vs_project\gc_vds\gc_vds.vcxproj", "{E002218F-D2ED-4C56-9C1D-25F666D13FB2}"
EndProject
Project("{8BC9CEB8-8B4A-11D0-8D11-00A0C91BC942}") = "kict_vds", "LoopVDS\kict_vds\kict_vds.vcxproj", "{6AAB8D1C-3A59-4270-9523-F6A0436A96FE}"
EndProject
Project("{FAE04EC0-301F-11D3-BF4B-00C04F79EFBC}") = "VideoVDSManageCtrl", "VideoVDSManageCtrl\VideoVDSManageCtrl.csproj", "{7AC12313-2F47-46A8-9514-AFBFAC3F83D2}"
EndProject
Project("{FAE04EC0-301F-11D3-BF4B-00C04F79EFBC}") = "VideoVDSServerSimulator", "VideoVDSServerSimulator\VideoVDSServerSimulator.csproj", "{6222CF22-57C3-4774-BD17-EE5D037068BB}"
EndProject
Project("{FAE04EC0-301F-11D3-BF4B-00C04F79EFBC}") = "VideoVDSController", "VideoVDSController\VideoVDSController.csproj", "{B01EA654-15B1-487D-9957-688635AF6D9D}"
EndProject
Project("{FAE04EC0-301F-11D3-BF4B-00C04F79EFBC}") = "SerialComManageCtrl", "SerialComManageCtrl\SerialComManageCtrl.csproj", "{DEB482B5-5FD0-4EAC-8909-B29F6A8AFBCE}"
EndProject
Project("{FAE04EC0-301F-11D3-BF4B-00C04F79EFBC}") = "SerialCommTest", "SerialCommTest\SerialCommTest.csproj", "{89282062-08B1-4FD4-BC34-3E9C9A1893B3}"
EndProject
Project("{FAE04EC0-301F-11D3-BF4B-00C04F79EFBC}") = "MClavisRadarController", "MClavisRadarController\MClavisRadarController.csproj", "{D2AA96EF-8287-4AA5-98A7-C332795ED187}"
EndProject
Project("{FAE04EC0-301F-11D3-BF4B-00C04F79EFBC}") = "MClavisRadarManageCtrl", "MClavisRadarManageCtrl\MClavisRadarManageCtrl.csproj", "{9C3869D2-0FF2-4F7D-AD3B-0BDCF3179198}"
EndProject
Project("{FAE04EC0-301F-11D3-BF4B-00C04F79EFBC}") = "VDSWebAPIServer", "VDSWebAPIServer\VDSWebAPIServer.csproj", "{4BAF938F-945F-4142-A24A-B55D126D0BFF}"
EndProject
Project("{FAE04EC0-301F-11D3-BF4B-00C04F79EFBC}") = "VDSAPIModule", "VDSAPIModule\VDSAPIModule.csproj", "{87F2A8A5-309F-40E9-9606-9AB7AFF80CA1}"
EndProject
Project("{FAE04EC0-301F-11D3-BF4B-00C04F79EFBC}") = "AdminManageCtrl", "AdminManageCtrl\AdminManageCtrl.csproj", "{5A7871D0-E5E1-4F2E-AE57-BB89E26559D3}"
EndProject
Project("{FAE04EC0-301F-11D3-BF4B-00C04F79EFBC}") = "VDSCtrlService", "VDSCtrlService\VDSCtrlService.csproj", "{154F4199-F813-47D9-B1BD-F0D117D8DAD6}"
EndProject
Global
	GlobalSection(SolutionConfigurationPlatforms) = preSolution
		Debug|Any CPU = Debug|Any CPU
		Debug|x64 = Debug|x64
		Debug|x86 = Debug|x86
		Release|Any CPU = Release|Any CPU
		Release|x64 = Release|x64
		Release|x86 = Release|x86
	EndGlobalSection
	GlobalSection(ProjectConfigurationPlatforms) = postSolution
		{380D8E4E-AED4-4A35-9CFC-42F2A66CC99C}.Debug|Any CPU.ActiveCfg = Debug|Any CPU
		{380D8E4E-AED4-4A35-9CFC-42F2A66CC99C}.Debug|Any CPU.Build.0 = Debug|Any CPU
		{380D8E4E-AED4-4A35-9CFC-42F2A66CC99C}.Debug|x64.ActiveCfg = Debug|Any CPU
		{380D8E4E-AED4-4A35-9CFC-42F2A66CC99C}.Debug|x64.Build.0 = Debug|Any CPU
		{380D8E4E-AED4-4A35-9CFC-42F2A66CC99C}.Debug|x86.ActiveCfg = Debug|Any CPU
		{380D8E4E-AED4-4A35-9CFC-42F2A66CC99C}.Debug|x86.Build.0 = Debug|Any CPU
		{380D8E4E-AED4-4A35-9CFC-42F2A66CC99C}.Release|Any CPU.ActiveCfg = Release|Any CPU
		{380D8E4E-AED4-4A35-9CFC-42F2A66CC99C}.Release|Any CPU.Build.0 = Release|Any CPU
		{380D8E4E-AED4-4A35-9CFC-42F2A66CC99C}.Release|x64.ActiveCfg = Release|Any CPU
		{380D8E4E-AED4-4A35-9CFC-42F2A66CC99C}.Release|x64.Build.0 = Release|Any CPU
		{380D8E4E-AED4-4A35-9CFC-42F2A66CC99C}.Release|x86.ActiveCfg = Release|Any CPU
		{380D8E4E-AED4-4A35-9CFC-42F2A66CC99C}.Release|x86.Build.0 = Release|Any CPU
		{E418E921-6A72-4651-BF99-A77D7AB683DE}.Debug|Any CPU.ActiveCfg = Debug|Any CPU
		{E418E921-6A72-4651-BF99-A77D7AB683DE}.Debug|Any CPU.Build.0 = Debug|Any CPU
		{E418E921-6A72-4651-BF99-A77D7AB683DE}.Debug|x64.ActiveCfg = Debug|Any CPU
		{E418E921-6A72-4651-BF99-A77D7AB683DE}.Debug|x64.Build.0 = Debug|Any CPU
		{E418E921-6A72-4651-BF99-A77D7AB683DE}.Debug|x86.ActiveCfg = Debug|Any CPU
		{E418E921-6A72-4651-BF99-A77D7AB683DE}.Debug|x86.Build.0 = Debug|Any CPU
		{E418E921-6A72-4651-BF99-A77D7AB683DE}.Release|Any CPU.ActiveCfg = Release|Any CPU
		{E418E921-6A72-4651-BF99-A77D7AB683DE}.Release|Any CPU.Build.0 = Release|Any CPU
		{E418E921-6A72-4651-BF99-A77D7AB683DE}.Release|x64.ActiveCfg = Release|Any CPU
		{E418E921-6A72-4651-BF99-A77D7AB683DE}.Release|x64.Build.0 = Release|Any CPU
		{E418E921-6A72-4651-BF99-A77D7AB683DE}.Release|x86.ActiveCfg = Release|Any CPU
		{E418E921-6A72-4651-BF99-A77D7AB683DE}.Release|x86.Build.0 = Release|Any CPU
		{2450D928-CB5B-4189-8D7F-86F7343AAB02}.Debug|Any CPU.ActiveCfg = Debug|Any CPU
		{2450D928-CB5B-4189-8D7F-86F7343AAB02}.Debug|Any CPU.Build.0 = Debug|Any CPU
		{2450D928-CB5B-4189-8D7F-86F7343AAB02}.Debug|x64.ActiveCfg = Debug|Any CPU
		{2450D928-CB5B-4189-8D7F-86F7343AAB02}.Debug|x64.Build.0 = Debug|Any CPU
		{2450D928-CB5B-4189-8D7F-86F7343AAB02}.Debug|x86.ActiveCfg = Debug|Any CPU
		{2450D928-CB5B-4189-8D7F-86F7343AAB02}.Debug|x86.Build.0 = Debug|Any CPU
		{2450D928-CB5B-4189-8D7F-86F7343AAB02}.Release|Any CPU.ActiveCfg = Release|Any CPU
		{2450D928-CB5B-4189-8D7F-86F7343AAB02}.Release|Any CPU.Build.0 = Release|Any CPU
		{2450D928-CB5B-4189-8D7F-86F7343AAB02}.Release|x64.ActiveCfg = Release|Any CPU
		{2450D928-CB5B-4189-8D7F-86F7343AAB02}.Release|x64.Build.0 = Release|Any CPU
		{2450D928-CB5B-4189-8D7F-86F7343AAB02}.Release|x86.ActiveCfg = Release|Any CPU
		{2450D928-CB5B-4189-8D7F-86F7343AAB02}.Release|x86.Build.0 = Release|Any CPU
		{2403CE39-BBCC-4ED6-B184-1C19D4EB2D8F}.Debug|Any CPU.ActiveCfg = Debug|Any CPU
		{2403CE39-BBCC-4ED6-B184-1C19D4EB2D8F}.Debug|Any CPU.Build.0 = Debug|Any CPU
		{2403CE39-BBCC-4ED6-B184-1C19D4EB2D8F}.Debug|x64.ActiveCfg = Debug|Any CPU
		{2403CE39-BBCC-4ED6-B184-1C19D4EB2D8F}.Debug|x64.Build.0 = Debug|Any CPU
		{2403CE39-BBCC-4ED6-B184-1C19D4EB2D8F}.Debug|x86.ActiveCfg = Debug|Any CPU
		{2403CE39-BBCC-4ED6-B184-1C19D4EB2D8F}.Debug|x86.Build.0 = Debug|Any CPU
		{2403CE39-BBCC-4ED6-B184-1C19D4EB2D8F}.Release|Any CPU.ActiveCfg = Release|Any CPU
		{2403CE39-BBCC-4ED6-B184-1C19D4EB2D8F}.Release|Any CPU.Build.0 = Release|Any CPU
		{2403CE39-BBCC-4ED6-B184-1C19D4EB2D8F}.Release|x64.ActiveCfg = Release|Any CPU
		{2403CE39-BBCC-4ED6-B184-1C19D4EB2D8F}.Release|x64.Build.0 = Release|Any CPU
		{2403CE39-BBCC-4ED6-B184-1C19D4EB2D8F}.Release|x86.ActiveCfg = Release|Any CPU
		{2403CE39-BBCC-4ED6-B184-1C19D4EB2D8F}.Release|x86.Build.0 = Release|Any CPU
		{9DE65190-BF5E-4903-897A-2FEA49133B5F}.Debug|Any CPU.ActiveCfg = Debug|Any CPU
		{9DE65190-BF5E-4903-897A-2FEA49133B5F}.Debug|Any CPU.Build.0 = Debug|Any CPU
		{9DE65190-BF5E-4903-897A-2FEA49133B5F}.Debug|x64.ActiveCfg = Debug|Any CPU
		{9DE65190-BF5E-4903-897A-2FEA49133B5F}.Debug|x64.Build.0 = Debug|Any CPU
		{9DE65190-BF5E-4903-897A-2FEA49133B5F}.Debug|x86.ActiveCfg = Debug|Any CPU
		{9DE65190-BF5E-4903-897A-2FEA49133B5F}.Debug|x86.Build.0 = Debug|Any CPU
		{9DE65190-BF5E-4903-897A-2FEA49133B5F}.Release|Any CPU.ActiveCfg = Release|Any CPU
		{9DE65190-BF5E-4903-897A-2FEA49133B5F}.Release|Any CPU.Build.0 = Release|Any CPU
		{9DE65190-BF5E-4903-897A-2FEA49133B5F}.Release|x64.ActiveCfg = Release|Any CPU
		{9DE65190-BF5E-4903-897A-2FEA49133B5F}.Release|x64.Build.0 = Release|Any CPU
		{9DE65190-BF5E-4903-897A-2FEA49133B5F}.Release|x86.ActiveCfg = Release|Any CPU
		{9DE65190-BF5E-4903-897A-2FEA49133B5F}.Release|x86.Build.0 = Release|Any CPU
		{BF0BA60F-A80E-48DB-A413-8CE67E5BE751}.Debug|Any CPU.ActiveCfg = Debug|Any CPU
		{BF0BA60F-A80E-48DB-A413-8CE67E5BE751}.Debug|Any CPU.Build.0 = Debug|Any CPU
		{BF0BA60F-A80E-48DB-A413-8CE67E5BE751}.Debug|x64.ActiveCfg = Debug|Any CPU
		{BF0BA60F-A80E-48DB-A413-8CE67E5BE751}.Debug|x64.Build.0 = Debug|Any CPU
		{BF0BA60F-A80E-48DB-A413-8CE67E5BE751}.Debug|x86.ActiveCfg = Debug|Any CPU
		{BF0BA60F-A80E-48DB-A413-8CE67E5BE751}.Debug|x86.Build.0 = Debug|Any CPU
		{BF0BA60F-A80E-48DB-A413-8CE67E5BE751}.Release|Any CPU.ActiveCfg = Release|Any CPU
		{BF0BA60F-A80E-48DB-A413-8CE67E5BE751}.Release|Any CPU.Build.0 = Release|Any CPU
		{BF0BA60F-A80E-48DB-A413-8CE67E5BE751}.Release|x64.ActiveCfg = Release|Any CPU
		{BF0BA60F-A80E-48DB-A413-8CE67E5BE751}.Release|x64.Build.0 = Release|Any CPU
		{BF0BA60F-A80E-48DB-A413-8CE67E5BE751}.Release|x86.ActiveCfg = Release|Any CPU
		{BF0BA60F-A80E-48DB-A413-8CE67E5BE751}.Release|x86.Build.0 = Release|Any CPU
		{2AF6BF3C-61AB-41A0-B494-3BDD5F09CE54}.Debug|Any CPU.ActiveCfg = Debug|Any CPU
		{2AF6BF3C-61AB-41A0-B494-3BDD5F09CE54}.Debug|Any CPU.Build.0 = Debug|Any CPU
		{2AF6BF3C-61AB-41A0-B494-3BDD5F09CE54}.Debug|x64.ActiveCfg = Debug|Any CPU
		{2AF6BF3C-61AB-41A0-B494-3BDD5F09CE54}.Debug|x64.Build.0 = Debug|Any CPU
		{2AF6BF3C-61AB-41A0-B494-3BDD5F09CE54}.Debug|x86.ActiveCfg = Debug|Any CPU
		{2AF6BF3C-61AB-41A0-B494-3BDD5F09CE54}.Debug|x86.Build.0 = Debug|Any CPU
		{2AF6BF3C-61AB-41A0-B494-3BDD5F09CE54}.Release|Any CPU.ActiveCfg = Release|Any CPU
		{2AF6BF3C-61AB-41A0-B494-3BDD5F09CE54}.Release|Any CPU.Build.0 = Release|Any CPU
		{2AF6BF3C-61AB-41A0-B494-3BDD5F09CE54}.Release|x64.ActiveCfg = Release|Any CPU
		{2AF6BF3C-61AB-41A0-B494-3BDD5F09CE54}.Release|x64.Build.0 = Release|Any CPU
		{2AF6BF3C-61AB-41A0-B494-3BDD5F09CE54}.Release|x86.ActiveCfg = Release|Any CPU
		{2AF6BF3C-61AB-41A0-B494-3BDD5F09CE54}.Release|x86.Build.0 = Release|Any CPU
		{014E76BA-1EFF-45C4-A621-FB0A7A90F0A7}.Debug|Any CPU.ActiveCfg = Debug|Any CPU
		{014E76BA-1EFF-45C4-A621-FB0A7A90F0A7}.Debug|Any CPU.Build.0 = Debug|Any CPU
		{014E76BA-1EFF-45C4-A621-FB0A7A90F0A7}.Debug|x64.ActiveCfg = Debug|Any CPU
		{014E76BA-1EFF-45C4-A621-FB0A7A90F0A7}.Debug|x64.Build.0 = Debug|Any CPU
		{014E76BA-1EFF-45C4-A621-FB0A7A90F0A7}.Debug|x86.ActiveCfg = Debug|Any CPU
		{014E76BA-1EFF-45C4-A621-FB0A7A90F0A7}.Debug|x86.Build.0 = Debug|Any CPU
		{014E76BA-1EFF-45C4-A621-FB0A7A90F0A7}.Release|Any CPU.ActiveCfg = Release|Any CPU
		{014E76BA-1EFF-45C4-A621-FB0A7A90F0A7}.Release|Any CPU.Build.0 = Release|Any CPU
		{014E76BA-1EFF-45C4-A621-FB0A7A90F0A7}.Release|x64.ActiveCfg = Release|Any CPU
		{014E76BA-1EFF-45C4-A621-FB0A7A90F0A7}.Release|x64.Build.0 = Release|Any CPU
		{014E76BA-1EFF-45C4-A621-FB0A7A90F0A7}.Release|x86.ActiveCfg = Release|Any CPU
		{014E76BA-1EFF-45C4-A621-FB0A7A90F0A7}.Release|x86.Build.0 = Release|Any CPU
		{119E5B60-33F0-4C6E-AC0B-D707E4EC5F4E}.Debug|Any CPU.ActiveCfg = Debug|Any CPU
		{119E5B60-33F0-4C6E-AC0B-D707E4EC5F4E}.Debug|Any CPU.Build.0 = Debug|Any CPU
		{119E5B60-33F0-4C6E-AC0B-D707E4EC5F4E}.Debug|x64.ActiveCfg = Debug|Any CPU
		{119E5B60-33F0-4C6E-AC0B-D707E4EC5F4E}.Debug|x64.Build.0 = Debug|Any CPU
		{119E5B60-33F0-4C6E-AC0B-D707E4EC5F4E}.Debug|x86.ActiveCfg = Debug|Any CPU
		{119E5B60-33F0-4C6E-AC0B-D707E4EC5F4E}.Debug|x86.Build.0 = Debug|Any CPU
		{119E5B60-33F0-4C6E-AC0B-D707E4EC5F4E}.Release|Any CPU.ActiveCfg = Release|Any CPU
		{119E5B60-33F0-4C6E-AC0B-D707E4EC5F4E}.Release|Any CPU.Build.0 = Release|Any CPU
		{119E5B60-33F0-4C6E-AC0B-D707E4EC5F4E}.Release|x64.ActiveCfg = Release|Any CPU
		{119E5B60-33F0-4C6E-AC0B-D707E4EC5F4E}.Release|x64.Build.0 = Release|Any CPU
		{119E5B60-33F0-4C6E-AC0B-D707E4EC5F4E}.Release|x86.ActiveCfg = Release|Any CPU
		{119E5B60-33F0-4C6E-AC0B-D707E4EC5F4E}.Release|x86.Build.0 = Release|Any CPU
		{E9C73C44-42F3-49B2-ADF5-9A10A45A3719}.Debug|Any CPU.ActiveCfg = Debug|Any CPU
		{E9C73C44-42F3-49B2-ADF5-9A10A45A3719}.Debug|Any CPU.Build.0 = Debug|Any CPU
		{E9C73C44-42F3-49B2-ADF5-9A10A45A3719}.Debug|x64.ActiveCfg = Debug|Any CPU
		{E9C73C44-42F3-49B2-ADF5-9A10A45A3719}.Debug|x64.Build.0 = Debug|Any CPU
		{E9C73C44-42F3-49B2-ADF5-9A10A45A3719}.Debug|x86.ActiveCfg = Debug|Any CPU
		{E9C73C44-42F3-49B2-ADF5-9A10A45A3719}.Debug|x86.Build.0 = Debug|Any CPU
		{E9C73C44-42F3-49B2-ADF5-9A10A45A3719}.Release|Any CPU.ActiveCfg = Release|Any CPU
		{E9C73C44-42F3-49B2-ADF5-9A10A45A3719}.Release|Any CPU.Build.0 = Release|Any CPU
		{E9C73C44-42F3-49B2-ADF5-9A10A45A3719}.Release|x64.ActiveCfg = Release|Any CPU
		{E9C73C44-42F3-49B2-ADF5-9A10A45A3719}.Release|x64.Build.0 = Release|Any CPU
		{E9C73C44-42F3-49B2-ADF5-9A10A45A3719}.Release|x86.ActiveCfg = Release|Any CPU
		{E9C73C44-42F3-49B2-ADF5-9A10A45A3719}.Release|x86.Build.0 = Release|Any CPU
		{7055F439-D53D-4C76-BF69-1BBCFC3C8AE6}.Debug|Any CPU.ActiveCfg = Debug|Any CPU
		{7055F439-D53D-4C76-BF69-1BBCFC3C8AE6}.Debug|Any CPU.Build.0 = Debug|Any CPU
		{7055F439-D53D-4C76-BF69-1BBCFC3C8AE6}.Debug|x64.ActiveCfg = Debug|Any CPU
		{7055F439-D53D-4C76-BF69-1BBCFC3C8AE6}.Debug|x64.Build.0 = Debug|Any CPU
		{7055F439-D53D-4C76-BF69-1BBCFC3C8AE6}.Debug|x86.ActiveCfg = Debug|Any CPU
		{7055F439-D53D-4C76-BF69-1BBCFC3C8AE6}.Debug|x86.Build.0 = Debug|Any CPU
		{7055F439-D53D-4C76-BF69-1BBCFC3C8AE6}.Release|Any CPU.ActiveCfg = Release|Any CPU
		{7055F439-D53D-4C76-BF69-1BBCFC3C8AE6}.Release|Any CPU.Build.0 = Release|Any CPU
		{7055F439-D53D-4C76-BF69-1BBCFC3C8AE6}.Release|x64.ActiveCfg = Release|Any CPU
		{7055F439-D53D-4C76-BF69-1BBCFC3C8AE6}.Release|x64.Build.0 = Release|Any CPU
		{7055F439-D53D-4C76-BF69-1BBCFC3C8AE6}.Release|x86.ActiveCfg = Release|Any CPU
		{7055F439-D53D-4C76-BF69-1BBCFC3C8AE6}.Release|x86.Build.0 = Release|Any CPU
		{B23EB9E1-DDB3-4835-9CE7-931583109648}.Debug|Any CPU.ActiveCfg = Debug|Any CPU
		{B23EB9E1-DDB3-4835-9CE7-931583109648}.Debug|Any CPU.Build.0 = Debug|Any CPU
		{B23EB9E1-DDB3-4835-9CE7-931583109648}.Debug|x64.ActiveCfg = Debug|Any CPU
		{B23EB9E1-DDB3-4835-9CE7-931583109648}.Debug|x64.Build.0 = Debug|Any CPU
		{B23EB9E1-DDB3-4835-9CE7-931583109648}.Debug|x86.ActiveCfg = Debug|Any CPU
		{B23EB9E1-DDB3-4835-9CE7-931583109648}.Debug|x86.Build.0 = Debug|Any CPU
		{B23EB9E1-DDB3-4835-9CE7-931583109648}.Release|Any CPU.ActiveCfg = Release|Any CPU
		{B23EB9E1-DDB3-4835-9CE7-931583109648}.Release|Any CPU.Build.0 = Release|Any CPU
		{B23EB9E1-DDB3-4835-9CE7-931583109648}.Release|x64.ActiveCfg = Release|Any CPU
		{B23EB9E1-DDB3-4835-9CE7-931583109648}.Release|x64.Build.0 = Release|Any CPU
		{B23EB9E1-DDB3-4835-9CE7-931583109648}.Release|x86.ActiveCfg = Release|Any CPU
		{B23EB9E1-DDB3-4835-9CE7-931583109648}.Release|x86.Build.0 = Release|Any CPU
		{00DB5A9C-12D3-43B0-9E4A-D9ECA873F5C9}.Debug|Any CPU.ActiveCfg = Debug|Any CPU
		{00DB5A9C-12D3-43B0-9E4A-D9ECA873F5C9}.Debug|Any CPU.Build.0 = Debug|Any CPU
		{00DB5A9C-12D3-43B0-9E4A-D9ECA873F5C9}.Debug|x64.ActiveCfg = Debug|Any CPU
		{00DB5A9C-12D3-43B0-9E4A-D9ECA873F5C9}.Debug|x64.Build.0 = Debug|Any CPU
		{00DB5A9C-12D3-43B0-9E4A-D9ECA873F5C9}.Debug|x86.ActiveCfg = Debug|Any CPU
		{00DB5A9C-12D3-43B0-9E4A-D9ECA873F5C9}.Debug|x86.Build.0 = Debug|Any CPU
		{00DB5A9C-12D3-43B0-9E4A-D9ECA873F5C9}.Release|Any CPU.ActiveCfg = Release|Any CPU
		{00DB5A9C-12D3-43B0-9E4A-D9ECA873F5C9}.Release|Any CPU.Build.0 = Release|Any CPU
		{00DB5A9C-12D3-43B0-9E4A-D9ECA873F5C9}.Release|x64.ActiveCfg = Release|Any CPU
		{00DB5A9C-12D3-43B0-9E4A-D9ECA873F5C9}.Release|x64.Build.0 = Release|Any CPU
		{00DB5A9C-12D3-43B0-9E4A-D9ECA873F5C9}.Release|x86.ActiveCfg = Release|Any CPU
		{00DB5A9C-12D3-43B0-9E4A-D9ECA873F5C9}.Release|x86.Build.0 = Release|Any CPU
		{142D7703-77F1-439B-8011-97EFCD7DC294}.Debug|Any CPU.ActiveCfg = Debug|Any CPU
		{142D7703-77F1-439B-8011-97EFCD7DC294}.Debug|Any CPU.Build.0 = Debug|Any CPU
		{142D7703-77F1-439B-8011-97EFCD7DC294}.Debug|x64.ActiveCfg = Debug|Any CPU
		{142D7703-77F1-439B-8011-97EFCD7DC294}.Debug|x64.Build.0 = Debug|Any CPU
		{142D7703-77F1-439B-8011-97EFCD7DC294}.Debug|x86.ActiveCfg = Debug|Any CPU
		{142D7703-77F1-439B-8011-97EFCD7DC294}.Debug|x86.Build.0 = Debug|Any CPU
		{142D7703-77F1-439B-8011-97EFCD7DC294}.Release|Any CPU.ActiveCfg = Release|Any CPU
		{142D7703-77F1-439B-8011-97EFCD7DC294}.Release|Any CPU.Build.0 = Release|Any CPU
		{142D7703-77F1-439B-8011-97EFCD7DC294}.Release|x64.ActiveCfg = Release|Any CPU
		{142D7703-77F1-439B-8011-97EFCD7DC294}.Release|x64.Build.0 = Release|Any CPU
		{142D7703-77F1-439B-8011-97EFCD7DC294}.Release|x86.ActiveCfg = Release|Any CPU
		{142D7703-77F1-439B-8011-97EFCD7DC294}.Release|x86.Build.0 = Release|Any CPU
		{58D26AA5-40D3-4CD3-B84E-75C8EC22EE80}.Debug|Any CPU.ActiveCfg = Debug|Win32
		{58D26AA5-40D3-4CD3-B84E-75C8EC22EE80}.Debug|x64.ActiveCfg = Debug|x64
		{58D26AA5-40D3-4CD3-B84E-75C8EC22EE80}.Debug|x64.Build.0 = Debug|x64
		{58D26AA5-40D3-4CD3-B84E-75C8EC22EE80}.Debug|x86.ActiveCfg = Debug|Win32
		{58D26AA5-40D3-4CD3-B84E-75C8EC22EE80}.Debug|x86.Build.0 = Debug|Win32
		{58D26AA5-40D3-4CD3-B84E-75C8EC22EE80}.Release|Any CPU.ActiveCfg = Release|Win32
		{58D26AA5-40D3-4CD3-B84E-75C8EC22EE80}.Release|x64.ActiveCfg = Release|x64
		{58D26AA5-40D3-4CD3-B84E-75C8EC22EE80}.Release|x64.Build.0 = Release|x64
		{58D26AA5-40D3-4CD3-B84E-75C8EC22EE80}.Release|x86.ActiveCfg = Release|Win32
		{58D26AA5-40D3-4CD3-B84E-75C8EC22EE80}.Release|x86.Build.0 = Release|Win32
		{E002218F-D2ED-4C56-9C1D-25F666D13FB2}.Debug|Any CPU.ActiveCfg = Debug|Win32
		{E002218F-D2ED-4C56-9C1D-25F666D13FB2}.Debug|x64.ActiveCfg = Debug|x64
		{E002218F-D2ED-4C56-9C1D-25F666D13FB2}.Debug|x64.Build.0 = Debug|x64
		{E002218F-D2ED-4C56-9C1D-25F666D13FB2}.Debug|x86.ActiveCfg = Debug|Win32
		{E002218F-D2ED-4C56-9C1D-25F666D13FB2}.Debug|x86.Build.0 = Debug|Win32
		{E002218F-D2ED-4C56-9C1D-25F666D13FB2}.Release|Any CPU.ActiveCfg = Release|Win32
		{E002218F-D2ED-4C56-9C1D-25F666D13FB2}.Release|x64.ActiveCfg = Release|x64
		{E002218F-D2ED-4C56-9C1D-25F666D13FB2}.Release|x64.Build.0 = Release|x64
		{E002218F-D2ED-4C56-9C1D-25F666D13FB2}.Release|x86.ActiveCfg = Release|Win32
		{E002218F-D2ED-4C56-9C1D-25F666D13FB2}.Release|x86.Build.0 = Release|Win32
		{6AAB8D1C-3A59-4270-9523-F6A0436A96FE}.Debug|Any CPU.ActiveCfg = Debug|Win32
		{6AAB8D1C-3A59-4270-9523-F6A0436A96FE}.Debug|x64.ActiveCfg = Debug|x64
		{6AAB8D1C-3A59-4270-9523-F6A0436A96FE}.Debug|x64.Build.0 = Debug|x64
		{6AAB8D1C-3A59-4270-9523-F6A0436A96FE}.Debug|x86.ActiveCfg = Debug|Win32
		{6AAB8D1C-3A59-4270-9523-F6A0436A96FE}.Debug|x86.Build.0 = Debug|Win32
		{6AAB8D1C-3A59-4270-9523-F6A0436A96FE}.Release|Any CPU.ActiveCfg = Release|Win32
		{6AAB8D1C-3A59-4270-9523-F6A0436A96FE}.Release|x64.ActiveCfg = Release|x64
		{6AAB8D1C-3A59-4270-9523-F6A0436A96FE}.Release|x64.Build.0 = Release|x64
		{6AAB8D1C-3A59-4270-9523-F6A0436A96FE}.Release|x86.ActiveCfg = Release|Win32
		{6AAB8D1C-3A59-4270-9523-F6A0436A96FE}.Release|x86.Build.0 = Release|Win32
		{7AC12313-2F47-46A8-9514-AFBFAC3F83D2}.Debug|Any CPU.ActiveCfg = Debug|Any CPU
		{7AC12313-2F47-46A8-9514-AFBFAC3F83D2}.Debug|Any CPU.Build.0 = Debug|Any CPU
		{7AC12313-2F47-46A8-9514-AFBFAC3F83D2}.Debug|x64.ActiveCfg = Debug|Any CPU
		{7AC12313-2F47-46A8-9514-AFBFAC3F83D2}.Debug|x64.Build.0 = Debug|Any CPU
		{7AC12313-2F47-46A8-9514-AFBFAC3F83D2}.Debug|x86.ActiveCfg = Debug|Any CPU
		{7AC12313-2F47-46A8-9514-AFBFAC3F83D2}.Debug|x86.Build.0 = Debug|Any CPU
		{7AC12313-2F47-46A8-9514-AFBFAC3F83D2}.Release|Any CPU.ActiveCfg = Release|Any CPU
		{7AC12313-2F47-46A8-9514-AFBFAC3F83D2}.Release|Any CPU.Build.0 = Release|Any CPU
		{7AC12313-2F47-46A8-9514-AFBFAC3F83D2}.Release|x64.ActiveCfg = Release|Any CPU
		{7AC12313-2F47-46A8-9514-AFBFAC3F83D2}.Release|x64.Build.0 = Release|Any CPU
		{7AC12313-2F47-46A8-9514-AFBFAC3F83D2}.Release|x86.ActiveCfg = Release|Any CPU
		{7AC12313-2F47-46A8-9514-AFBFAC3F83D2}.Release|x86.Build.0 = Release|Any CPU
		{6222CF22-57C3-4774-BD17-EE5D037068BB}.Debug|Any CPU.ActiveCfg = Debug|Any CPU
		{6222CF22-57C3-4774-BD17-EE5D037068BB}.Debug|Any CPU.Build.0 = Debug|Any CPU
		{6222CF22-57C3-4774-BD17-EE5D037068BB}.Debug|x64.ActiveCfg = Debug|Any CPU
		{6222CF22-57C3-4774-BD17-EE5D037068BB}.Debug|x64.Build.0 = Debug|Any CPU
		{6222CF22-57C3-4774-BD17-EE5D037068BB}.Debug|x86.ActiveCfg = Debug|Any CPU
		{6222CF22-57C3-4774-BD17-EE5D037068BB}.Debug|x86.Build.0 = Debug|Any CPU
		{6222CF22-57C3-4774-BD17-EE5D037068BB}.Release|Any CPU.ActiveCfg = Release|Any CPU
		{6222CF22-57C3-4774-BD17-EE5D037068BB}.Release|Any CPU.Build.0 = Release|Any CPU
		{6222CF22-57C3-4774-BD17-EE5D037068BB}.Release|x64.ActiveCfg = Release|Any CPU
		{6222CF22-57C3-4774-BD17-EE5D037068BB}.Release|x64.Build.0 = Release|Any CPU
		{6222CF22-57C3-4774-BD17-EE5D037068BB}.Release|x86.ActiveCfg = Release|Any CPU
		{6222CF22-57C3-4774-BD17-EE5D037068BB}.Release|x86.Build.0 = Release|Any CPU
		{B01EA654-15B1-487D-9957-688635AF6D9D}.Debug|Any CPU.ActiveCfg = Debug|Any CPU
		{B01EA654-15B1-487D-9957-688635AF6D9D}.Debug|Any CPU.Build.0 = Debug|Any CPU
		{B01EA654-15B1-487D-9957-688635AF6D9D}.Debug|x64.ActiveCfg = Debug|Any CPU
		{B01EA654-15B1-487D-9957-688635AF6D9D}.Debug|x64.Build.0 = Debug|Any CPU
		{B01EA654-15B1-487D-9957-688635AF6D9D}.Debug|x86.ActiveCfg = Debug|Any CPU
		{B01EA654-15B1-487D-9957-688635AF6D9D}.Debug|x86.Build.0 = Debug|Any CPU
		{B01EA654-15B1-487D-9957-688635AF6D9D}.Release|Any CPU.ActiveCfg = Release|Any CPU
		{B01EA654-15B1-487D-9957-688635AF6D9D}.Release|Any CPU.Build.0 = Release|Any CPU
		{B01EA654-15B1-487D-9957-688635AF6D9D}.Release|x64.ActiveCfg = Release|Any CPU
		{B01EA654-15B1-487D-9957-688635AF6D9D}.Release|x64.Build.0 = Release|Any CPU
		{B01EA654-15B1-487D-9957-688635AF6D9D}.Release|x86.ActiveCfg = Release|Any CPU
		{B01EA654-15B1-487D-9957-688635AF6D9D}.Release|x86.Build.0 = Release|Any CPU
		{DEB482B5-5FD0-4EAC-8909-B29F6A8AFBCE}.Debug|Any CPU.ActiveCfg = Debug|Any CPU
		{DEB482B5-5FD0-4EAC-8909-B29F6A8AFBCE}.Debug|Any CPU.Build.0 = Debug|Any CPU
		{DEB482B5-5FD0-4EAC-8909-B29F6A8AFBCE}.Debug|x64.ActiveCfg = Debug|Any CPU
		{DEB482B5-5FD0-4EAC-8909-B29F6A8AFBCE}.Debug|x64.Build.0 = Debug|Any CPU
		{DEB482B5-5FD0-4EAC-8909-B29F6A8AFBCE}.Debug|x86.ActiveCfg = Debug|Any CPU
		{DEB482B5-5FD0-4EAC-8909-B29F6A8AFBCE}.Debug|x86.Build.0 = Debug|Any CPU
		{DEB482B5-5FD0-4EAC-8909-B29F6A8AFBCE}.Release|Any CPU.ActiveCfg = Release|Any CPU
		{DEB482B5-5FD0-4EAC-8909-B29F6A8AFBCE}.Release|Any CPU.Build.0 = Release|Any CPU
		{DEB482B5-5FD0-4EAC-8909-B29F6A8AFBCE}.Release|x64.ActiveCfg = Release|Any CPU
		{DEB482B5-5FD0-4EAC-8909-B29F6A8AFBCE}.Release|x64.Build.0 = Release|Any CPU
		{DEB482B5-5FD0-4EAC-8909-B29F6A8AFBCE}.Release|x86.ActiveCfg = Release|Any CPU
		{DEB482B5-5FD0-4EAC-8909-B29F6A8AFBCE}.Release|x86.Build.0 = Release|Any CPU
		{89282062-08B1-4FD4-BC34-3E9C9A1893B3}.Debug|Any CPU.ActiveCfg = Debug|Any CPU
		{89282062-08B1-4FD4-BC34-3E9C9A1893B3}.Debug|Any CPU.Build.0 = Debug|Any CPU
		{89282062-08B1-4FD4-BC34-3E9C9A1893B3}.Debug|x64.ActiveCfg = Debug|Any CPU
		{89282062-08B1-4FD4-BC34-3E9C9A1893B3}.Debug|x64.Build.0 = Debug|Any CPU
		{89282062-08B1-4FD4-BC34-3E9C9A1893B3}.Debug|x86.ActiveCfg = Debug|Any CPU
		{89282062-08B1-4FD4-BC34-3E9C9A1893B3}.Debug|x86.Build.0 = Debug|Any CPU
		{89282062-08B1-4FD4-BC34-3E9C9A1893B3}.Release|Any CPU.ActiveCfg = Release|Any CPU
		{89282062-08B1-4FD4-BC34-3E9C9A1893B3}.Release|Any CPU.Build.0 = Release|Any CPU
		{89282062-08B1-4FD4-BC34-3E9C9A1893B3}.Release|x64.ActiveCfg = Release|Any CPU
		{89282062-08B1-4FD4-BC34-3E9C9A1893B3}.Release|x64.Build.0 = Release|Any CPU
		{89282062-08B1-4FD4-BC34-3E9C9A1893B3}.Release|x86.ActiveCfg = Release|Any CPU
		{89282062-08B1-4FD4-BC34-3E9C9A1893B3}.Release|x86.Build.0 = Release|Any CPU
		{D2AA96EF-8287-4AA5-98A7-C332795ED187}.Debug|Any CPU.ActiveCfg = Debug|Any CPU
		{D2AA96EF-8287-4AA5-98A7-C332795ED187}.Debug|Any CPU.Build.0 = Debug|Any CPU
		{D2AA96EF-8287-4AA5-98A7-C332795ED187}.Debug|x64.ActiveCfg = Debug|Any CPU
		{D2AA96EF-8287-4AA5-98A7-C332795ED187}.Debug|x64.Build.0 = Debug|Any CPU
		{D2AA96EF-8287-4AA5-98A7-C332795ED187}.Debug|x86.ActiveCfg = Debug|Any CPU
		{D2AA96EF-8287-4AA5-98A7-C332795ED187}.Debug|x86.Build.0 = Debug|Any CPU
		{D2AA96EF-8287-4AA5-98A7-C332795ED187}.Release|Any CPU.ActiveCfg = Release|Any CPU
		{D2AA96EF-8287-4AA5-98A7-C332795ED187}.Release|Any CPU.Build.0 = Release|Any CPU
		{D2AA96EF-8287-4AA5-98A7-C332795ED187}.Release|x64.ActiveCfg = Release|Any CPU
		{D2AA96EF-8287-4AA5-98A7-C332795ED187}.Release|x64.Build.0 = Release|Any CPU
		{D2AA96EF-8287-4AA5-98A7-C332795ED187}.Release|x86.ActiveCfg = Release|Any CPU
		{D2AA96EF-8287-4AA5-98A7-C332795ED187}.Release|x86.Build.0 = Release|Any CPU
		{9C3869D2-0FF2-4F7D-AD3B-0BDCF3179198}.Debug|Any CPU.ActiveCfg = Debug|Any CPU
		{9C3869D2-0FF2-4F7D-AD3B-0BDCF3179198}.Debug|Any CPU.Build.0 = Debug|Any CPU
		{9C3869D2-0FF2-4F7D-AD3B-0BDCF3179198}.Debug|x64.ActiveCfg = Debug|Any CPU
		{9C3869D2-0FF2-4F7D-AD3B-0BDCF3179198}.Debug|x64.Build.0 = Debug|Any CPU
		{9C3869D2-0FF2-4F7D-AD3B-0BDCF3179198}.Debug|x86.ActiveCfg = Debug|Any CPU
		{9C3869D2-0FF2-4F7D-AD3B-0BDCF3179198}.Debug|x86.Build.0 = Debug|Any CPU
		{9C3869D2-0FF2-4F7D-AD3B-0BDCF3179198}.Release|Any CPU.ActiveCfg = Release|Any CPU
		{9C3869D2-0FF2-4F7D-AD3B-0BDCF3179198}.Release|Any CPU.Build.0 = Release|Any CPU
		{9C3869D2-0FF2-4F7D-AD3B-0BDCF3179198}.Release|x64.ActiveCfg = Release|Any CPU
		{9C3869D2-0FF2-4F7D-AD3B-0BDCF3179198}.Release|x64.Build.0 = Release|Any CPU
		{9C3869D2-0FF2-4F7D-AD3B-0BDCF3179198}.Release|x86.ActiveCfg = Release|Any CPU
		{9C3869D2-0FF2-4F7D-AD3B-0BDCF3179198}.Release|x86.Build.0 = Release|Any CPU
		{4BAF938F-945F-4142-A24A-B55D126D0BFF}.Debug|Any CPU.ActiveCfg = Debug|Any CPU
		{4BAF938F-945F-4142-A24A-B55D126D0BFF}.Debug|Any CPU.Build.0 = Debug|Any CPU
		{4BAF938F-945F-4142-A24A-B55D126D0BFF}.Debug|x64.ActiveCfg = Debug|Any CPU
		{4BAF938F-945F-4142-A24A-B55D126D0BFF}.Debug|x64.Build.0 = Debug|Any CPU
		{4BAF938F-945F-4142-A24A-B55D126D0BFF}.Debug|x86.ActiveCfg = Debug|Any CPU
		{4BAF938F-945F-4142-A24A-B55D126D0BFF}.Debug|x86.Build.0 = Debug|Any CPU
		{4BAF938F-945F-4142-A24A-B55D126D0BFF}.Release|Any CPU.ActiveCfg = Release|Any CPU
		{4BAF938F-945F-4142-A24A-B55D126D0BFF}.Release|Any CPU.Build.0 = Release|Any CPU
		{4BAF938F-945F-4142-A24A-B55D126D0BFF}.Release|x64.ActiveCfg = Release|Any CPU
		{4BAF938F-945F-4142-A24A-B55D126D0BFF}.Release|x64.Build.0 = Release|Any CPU
		{4BAF938F-945F-4142-A24A-B55D126D0BFF}.Release|x86.ActiveCfg = Release|Any CPU
		{4BAF938F-945F-4142-A24A-B55D126D0BFF}.Release|x86.Build.0 = Release|Any CPU
		{87F2A8A5-309F-40E9-9606-9AB7AFF80CA1}.Debug|Any CPU.ActiveCfg = Debug|Any CPU
		{87F2A8A5-309F-40E9-9606-9AB7AFF80CA1}.Debug|Any CPU.Build.0 = Debug|Any CPU
		{87F2A8A5-309F-40E9-9606-9AB7AFF80CA1}.Debug|x64.ActiveCfg = Debug|Any CPU
		{87F2A8A5-309F-40E9-9606-9AB7AFF80CA1}.Debug|x64.Build.0 = Debug|Any CPU
		{87F2A8A5-309F-40E9-9606-9AB7AFF80CA1}.Debug|x86.ActiveCfg = Debug|Any CPU
		{87F2A8A5-309F-40E9-9606-9AB7AFF80CA1}.Debug|x86.Build.0 = Debug|Any CPU
		{87F2A8A5-309F-40E9-9606-9AB7AFF80CA1}.Release|Any CPU.ActiveCfg = Release|Any CPU
		{87F2A8A5-309F-40E9-9606-9AB7AFF80CA1}.Release|Any CPU.Build.0 = Release|Any CPU
		{87F2A8A5-309F-40E9-9606-9AB7AFF80CA1}.Release|x64.ActiveCfg = Release|Any CPU
		{87F2A8A5-309F-40E9-9606-9AB7AFF80CA1}.Release|x64.Build.0 = Release|Any CPU
		{87F2A8A5-309F-40E9-9606-9AB7AFF80CA1}.Release|x86.ActiveCfg = Release|Any CPU
		{87F2A8A5-309F-40E9-9606-9AB7AFF80CA1}.Release|x86.Build.0 = Release|Any CPU
		{5A7871D0-E5E1-4F2E-AE57-BB89E26559D3}.Debug|Any CPU.ActiveCfg = Debug|Any CPU
		{5A7871D0-E5E1-4F2E-AE57-BB89E26559D3}.Debug|Any CPU.Build.0 = Debug|Any CPU
		{5A7871D0-E5E1-4F2E-AE57-BB89E26559D3}.Debug|x64.ActiveCfg = Debug|Any CPU
		{5A7871D0-E5E1-4F2E-AE57-BB89E26559D3}.Debug|x64.Build.0 = Debug|Any CPU
		{5A7871D0-E5E1-4F2E-AE57-BB89E26559D3}.Debug|x86.ActiveCfg = Debug|Any CPU
		{5A7871D0-E5E1-4F2E-AE57-BB89E26559D3}.Debug|x86.Build.0 = Debug|Any CPU
		{5A7871D0-E5E1-4F2E-AE57-BB89E26559D3}.Release|Any CPU.ActiveCfg = Release|Any CPU
		{5A7871D0-E5E1-4F2E-AE57-BB89E26559D3}.Release|Any CPU.Build.0 = Release|Any CPU
		{5A7871D0-E5E1-4F2E-AE57-BB89E26559D3}.Release|x64.ActiveCfg = Release|Any CPU
		{5A7871D0-E5E1-4F2E-AE57-BB89E26559D3}.Release|x64.Build.0 = Release|Any CPU
		{5A7871D0-E5E1-4F2E-AE57-BB89E26559D3}.Release|x86.ActiveCfg = Release|Any CPU
		{5A7871D0-E5E1-4F2E-AE57-BB89E26559D3}.Release|x86.Build.0 = Release|Any CPU
		{154F4199-F813-47D9-B1BD-F0D117D8DAD6}.Debug|Any CPU.ActiveCfg = Debug|Any CPU
		{154F4199-F813-47D9-B1BD-F0D117D8DAD6}.Debug|Any CPU.Build.0 = Debug|Any CPU
		{154F4199-F813-47D9-B1BD-F0D117D8DAD6}.Debug|x64.ActiveCfg = Debug|Any CPU
		{154F4199-F813-47D9-B1BD-F0D117D8DAD6}.Debug|x64.Build.0 = Debug|Any CPU
		{154F4199-F813-47D9-B1BD-F0D117D8DAD6}.Debug|x86.ActiveCfg = Debug|Any CPU
		{154F4199-F813-47D9-B1BD-F0D117D8DAD6}.Debug|x86.Build.0 = Debug|Any CPU
		{154F4199-F813-47D9-B1BD-F0D117D8DAD6}.Release|Any CPU.ActiveCfg = Release|Any CPU
		{154F4199-F813-47D9-B1BD-F0D117D8DAD6}.Release|Any CPU.Build.0 = Release|Any CPU
		{154F4199-F813-47D9-B1BD-F0D117D8DAD6}.Release|x64.ActiveCfg = Release|Any CPU
		{154F4199-F813-47D9-B1BD-F0D117D8DAD6}.Release|x64.Build.0 = Release|Any CPU
		{154F4199-F813-47D9-B1BD-F0D117D8DAD6}.Release|x86.ActiveCfg = Release|Any CPU
		{154F4199-F813-47D9-B1BD-F0D117D8DAD6}.Release|x86.Build.0 = Release|Any CPU
	EndGlobalSection
	GlobalSection(SolutionProperties) = preSolution
		HideSolutionNode = FALSE
	EndGlobalSection
	GlobalSection(ExtensibilityGlobals) = postSolution
		SolutionGuid = {FC531E44-4BF5-4C29-843B-FA3EF0A1BE92}
	EndGlobalSection
	GlobalSection(SubversionScc) = preSolution
		Svn-Managed = True
		Manager = AnkhSVN - Subversion Support for Visual Studio
	EndGlobalSection
EndGlobal
